
Microsoft Visual Studio Solution File, Format Version 12.00
# Visual Studio Version 17
VisualStudioVersion = 17.12.35521.163
MinimumVisualStudioVersion = 10.0.40219.1
Project("{2150E333-8FDC-42A3-9474-1A3956D46DE8}") = "src", "src", "{B1B970C6-E358-4B21-A691-935E8A9B118D}"
EndProject
Project("{FAE04EC0-301F-11D3-BF4B-00C04F79EFBC}") = "3_8_Generics", "src\3_8_Generics\3_8_Generics.csproj", "{D818E6D9-5809-4DCE-A07D-084A9D464429}"
EndProject
Project("{FAE04EC0-301F-11D3-BF4B-00C04F79EFBC}") = "3_9_Collections", "src\3_9_Collections\3_9_Collections.csproj", "{FD4E151B-C05C-4436-AD45-62FB47A698A9}"
EndProject
Project("{FAE04EC0-301F-11D3-BF4B-00C04F79EFBC}") = "3_10_Collections", "src\3_10_Collections\3_10_Collections.csproj", "{9474FD25-B3CC-4EE3-9CF6-6BFA6963A453}"
EndProject
Global
	GlobalSection(SolutionConfigurationPlatforms) = preSolution
		Debug|Any CPU = Debug|Any CPU
		Release|Any CPU = Release|Any CPU
	EndGlobalSection
	GlobalSection(ProjectConfigurationPlatforms) = postSolution
		{D818E6D9-5809-4DCE-A07D-084A9D464429}.Debug|Any CPU.ActiveCfg = Debug|Any CPU
		{D818E6D9-5809-4DCE-A07D-084A9D464429}.Debug|Any CPU.Build.0 = Debug|Any CPU
		{D818E6D9-5809-4DCE-A07D-084A9D464429}.Release|Any CPU.ActiveCfg = Release|Any CPU
		{D818E6D9-5809-4DCE-A07D-084A9D464429}.Release|Any CPU.Build.0 = Release|Any CPU
		{FD4E151B-C05C-4436-AD45-62FB47A698A9}.Debug|Any CPU.ActiveCfg = Debug|Any CPU
		{FD4E151B-C05C-4436-AD45-62FB47A698A9}.Debug|Any CPU.Build.0 = Debug|Any CPU
		{FD4E151B-C05C-4436-AD45-62FB47A698A9}.Release|Any CPU.ActiveCfg = Release|Any CPU
		{FD4E151B-C05C-4436-AD45-62FB47A698A9}.Release|Any CPU.Build.0 = Release|Any CPU
		{9474FD25-B3CC-4EE3-9CF6-6BFA6963A453}.Debug|Any CPU.ActiveCfg = Debug|Any CPU
		{9474FD25-B3CC-4EE3-9CF6-6BFA6963A453}.Debug|Any CPU.Build.0 = Debug|Any CPU
		{9474FD25-B3CC-4EE3-9CF6-6BFA6963A453}.Release|Any CPU.ActiveCfg = Release|Any CPU
		{9474FD25-B3CC-4EE3-9CF6-6BFA6963A453}.Release|Any CPU.Build.0 = Release|Any CPU
	EndGlobalSection
	GlobalSection(SolutionProperties) = preSolution
		HideSolutionNode = FALSE
	EndGlobalSection
	GlobalSection(NestedProjects) = preSolution
		{D818E6D9-5809-4DCE-A07D-084A9D464429} = {B1B970C6-E358-4B21-A691-935E8A9B118D}
		{FD4E151B-C05C-4436-AD45-62FB47A698A9} = {B1B970C6-E358-4B21-A691-935E8A9B118D}
		{9474FD25-B3CC-4EE3-9CF6-6BFA6963A453} = {B1B970C6-E358-4B21-A691-935E8A9B118D}
	EndGlobalSection
EndGlobal
